// !$*UTF8*$!
{
	archiveVersion = 1;
	classes = {
	};
	objectVersion = 50;
	objects = {

/* Begin PBXBuildFile section */
		C0AE04FF230A9E1B005683E5 /* CircleImage.swift in Sources */ = {isa = PBXBuildFile; fileRef = C0AE04FE230A9E1B005683E5 /* CircleImage.swift */; };
		C0AE0501230AA81F005683E5 /* MapView.swift in Sources */ = {isa = PBXBuildFile; fileRef = C0AE0500230AA81F005683E5 /* MapView.swift */; };
		C0E2DCC8230A7ADE00A4936C /* AppDelegate.swift in Sources */ = {isa = PBXBuildFile; fileRef = C0E2DCC7230A7ADE00A4936C /* AppDelegate.swift */; };
		C0E2DCCA230A7ADE00A4936C /* SceneDelegate.swift in Sources */ = {isa = PBXBuildFile; fileRef = C0E2DCC9230A7ADE00A4936C /* SceneDelegate.swift */; };
		C0E2DCCC230A7ADE00A4936C /* HomeView.swift in Sources */ = {isa = PBXBuildFile; fileRef = C0E2DCCB230A7ADE00A4936C /* HomeView.swift */; };
		C0E2DCCE230A7AE000A4936C /* Assets.xcassets in Resources */ = {isa = PBXBuildFile; fileRef = C0E2DCCD230A7AE000A4936C /* Assets.xcassets */; };
		C0E2DCD1230A7AE000A4936C /* Preview Assets.xcassets in Resources */ = {isa = PBXBuildFile; fileRef = C0E2DCD0230A7AE000A4936C /* Preview Assets.xcassets */; };
		C0E2DCD4230A7AE000A4936C /* LaunchScreen.storyboard in Resources */ = {isa = PBXBuildFile; fileRef = C0E2DCD2230A7AE000A4936C /* LaunchScreen.storyboard */; };
/* End PBXBuildFile section */

/* Begin PBXFileReference section */
		C0AE04FE230A9E1B005683E5 /* CircleImage.swift */ = {isa = PBXFileReference; lastKnownFileType = sourcecode.swift; path = CircleImage.swift; sourceTree = "<group>"; };
		C0AE0500230AA81F005683E5 /* MapView.swift */ = {isa = PBXFileReference; lastKnownFileType = sourcecode.swift; path = MapView.swift; sourceTree = "<group>"; };
		C0E2DCC4230A7ADE00A4936C /* FirstSwiftUI.app */ = {isa = PBXFileReference; explicitFileType = wrapper.application; includeInIndex = 0; path = FirstSwiftUI.app; sourceTree = BUILT_PRODUCTS_DIR; };
		C0E2DCC7230A7ADE00A4936C /* AppDelegate.swift */ = {isa = PBXFileReference; lastKnownFileType = sourcecode.swift; path = AppDelegate.swift; sourceTree = "<group>"; };
		C0E2DCC9230A7ADE00A4936C /* SceneDelegate.swift */ = {isa = PBXFileReference; lastKnownFileType = sourcecode.swift; path = SceneDelegate.swift; sourceTree = "<group>"; };
		C0E2DCCB230A7ADE00A4936C /* HomeView.swift */ = {isa = PBXFileReference; lastKnownFileType = sourcecode.swift; path = HomeView.swift; sourceTree = "<group>"; };
		C0E2DCCD230A7AE000A4936C /* Assets.xcassets */ = {isa = PBXFileReference; lastKnownFileType = folder.assetcatalog; path = Assets.xcassets; sourceTree = "<group>"; };
		C0E2DCD0230A7AE000A4936C /* Preview Assets.xcassets */ = {isa = PBXFileReference; lastKnownFileType = folder.assetcatalog; path = "Preview Assets.xcassets"; sourceTree = "<group>"; };
		C0E2DCD3230A7AE000A4936C /* Base */ = {isa = PBXFileReference; lastKnownFileType = file.storyboard; name = Base; path = Base.lproj/LaunchScreen.storyboard; sourceTree = "<group>"; };
		C0E2DCD5230A7AE000A4936C /* Info.plist */ = {isa = PBXFileReference; lastKnownFileType = text.plist.xml; path = Info.plist; sourceTree = "<group>"; };
/* End PBXFileReference section */

/* Begin PBXFrameworksBuildPhase section */
		C0E2DCC1230A7ADE00A4936C /* Frameworks */ = {
			isa = PBXFrameworksBuildPhase;
			buildActionMask = 2147483647;
			files = (
			);
			runOnlyForDeploymentPostprocessing = 0;
		};
/* End PBXFrameworksBuildPhase section */

/* Begin PBXGroup section */
		C0E2DCBB230A7ADE00A4936C = {
			isa = PBXGroup;
			children = (
				C0E2DCC6230A7ADE00A4936C /* FirstSwiftUI */,
				C0E2DCC5230A7ADE00A4936C /* Products */,
			);
			sourceTree = "<group>";
		};
		C0E2DCC5230A7ADE00A4936C /* Products */ = {
			isa = PBXGroup;
			children = (
				C0E2DCC4230A7ADE00A4936C /* FirstSwiftUI.app */,
			);
			name = Products;
			sourceTree = "<group>";
		};
		C0E2DCC6230A7ADE00A4936C /* FirstSwiftUI */ = {
			isa = PBXGroup;
			children = (
				C0E2DCC7230A7ADE00A4936C /* AppDelegate.swift */,
				C0E2DCC9230A7ADE00A4936C /* SceneDelegate.swift */,
				C0E2DCCB230A7ADE00A4936C /* HomeView.swift */,
				C0AE04FE230A9E1B005683E5 /* CircleImage.swift */,
				C0AE0500230AA81F005683E5 /* MapView.swift */,
				C0E2DCCD230A7AE000A4936C /* Assets.xcassets */,
				C0E2DCD2230A7AE000A4936C /* LaunchScreen.storyboard */,
				C0E2DCD5230A7AE000A4936C /* Info.plist */,
				C0E2DCCF230A7AE000A4936C /* Preview Content */,
			);
			path = FirstSwiftUI;
			sourceTree = "<group>";
		};
		C0E2DCCF230A7AE000A4936C /* Preview Content */ = {
			isa = PBXGroup;
			children = (
				C0E2DCD0230A7AE000A4936C /* Preview Assets.xcassets */,
			);
			path = "Preview Content";
			sourceTree = "<group>";
		};
/* End PBXGroup section */

/* Begin PBXNativeTarget section */
		C0E2DCC3230A7ADE00A4936C /* FirstSwiftUI */ = {
			isa = PBXNativeTarget;
			buildConfigurationList = C0E2DCD8230A7AE000A4936C /* Build configuration list for PBXNativeTarget "FirstSwiftUI" */;
			buildPhases = (
				C0E2DCC0230A7ADE00A4936C /* Sources */,
				C0E2DCC1230A7ADE00A4936C /* Frameworks */,
				C0E2DCC2230A7ADE00A4936C /* Resources */,
			);
			buildRules = (
			);
			dependencies = (
			);
			name = FirstSwiftUI;
			productName = FirstSwiftUI;
			productReference = C0E2DCC4230A7ADE00A4936C /* FirstSwiftUI.app */;
			productType = "com.apple.product-type.application";
		};
/* End PBXNativeTarget section */

/* Begin PBXProject section */
		C0E2DCBC230A7ADE00A4936C /* Project object */ = {
			isa = PBXProject;
			attributes = {
				LastSwiftUpdateCheck = 1100;
				LastUpgradeCheck = 1100;
				ORGANIZATIONNAME = Atif;
				TargetAttributes = {
					C0E2DCC3230A7ADE00A4936C = {
						CreatedOnToolsVersion = 11.0;
					};
				};
			};
			buildConfigurationList = C0E2DCBF230A7ADE00A4936C /* Build configuration list for PBXProject "FirstSwiftUI" */;
			compatibilityVersion = "Xcode 9.3";
			developmentRegion = en;
			hasScannedForEncodings = 0;
			knownRegions = (
				en,
				Base,
			);
			mainGroup = C0E2DCBB230A7ADE00A4936C;
			productRefGroup = C0E2DCC5230A7ADE00A4936C /* Products */;
			projectDirPath = "";
			projectRoot = "";
			targets = (
				C0E2DCC3230A7ADE00A4936C /* FirstSwiftUI */,
			);
		};
/* End PBXProject section */

/* Begin PBXResourcesBuildPhase section */
		C0E2DCC2230A7ADE00A4936C /* Resources */ = {
			isa = PBXResourcesBuildPhase;
			buildActionMask = 2147483647;
			files = (
				C0E2DCD4230A7AE000A4936C /* LaunchScreen.storyboard in Resources */,
				C0E2DCD1230A7AE000A4936C /* Preview Assets.xcassets in Resources */,
				C0E2DCCE230A7AE000A4936C /* Assets.xcassets in Resources */,
			);
			runOnlyForDeploymentPostprocessing = 0;
		};
/* End PBXResourcesBuildPhase section */

/* Begin PBXSourcesBuildPhase section */
		C0E2DCC0230A7ADE00A4936C /* Sources */ = {
			isa = PBXSourcesBuildPhase;
			buildActionMask = 2147483647;
			files = (
				C0E2DCC8230A7ADE00A4936C /* AppDelegate.swift in Sources */,
				C0AE04FF230A9E1B005683E5 /* CircleImage.swift in Sources */,
				C0AE0501230AA81F005683E5 /* MapView.swift in Sources */,
				C0E2DCCA230A7ADE00A4936C /* SceneDelegate.swift in Sources */,
				C0E2DCCC230A7ADE00A4936C /* HomeView.swift in Sources */,
			);
			runOnlyForDeploymentPostprocessing = 0;
		};
/* End PBXSourcesBuildPhase section */

/* Begin PBXVariantGroup section */
		C0E2DCD2230A7AE000A4936C /* LaunchScreen.storyboard */ = {
			isa = PBXVariantGroup;
			children = (
				C0E2DCD3230A7AE000A4936C /* Base */,
			);
			name = LaunchScreen.storyboard;
			sourceTree = "<group>";
		};
/* End PBXVariantGroup section */

/* Begin XCBuildConfiguration section */
		C0E2DCD6230A7AE000A4936C /* Debug */ = {
			isa = XCBuildConfiguration;
			buildSettings = {
				ALWAYS_SEARCH_USER_PATHS = NO;
				CLANG_ANALYZER_NONNULL = YES;
				CLANG_ANALYZER_NUMBER_OBJECT_CONVERSION = YES_AGGRESSIVE;
				CLANG_CXX_LANGUAGE_STANDARD = "gnu++14";
				CLANG_CXX_LIBRARY = "libc++";
				CLANG_ENABLE_MODULES = YES;
				CLANG_ENABLE_OBJC_ARC = YES;
				CLANG_ENABLE_OBJC_WEAK = YES;
				CLANG_WARN_BLOCK_CAPTURE_AUTORELEASING = YES;
				CLANG_WARN_BOOL_CONVERSION = YES;
				CLANG_WARN_COMMA = YES;
				CLANG_WARN_CONSTANT_CONVERSION = YES;
				CLANG_WARN_DEPRECATED_OBJC_IMPLEMENTATIONS = YES;
				CLANG_WARN_DIRECT_OBJC_ISA_USAGE = YES_ERROR;
				CLANG_WARN_DOCUMENTATION_COMMENTS = YES;
				CLANG_WARN_EMPTY_BODY = YES;
				CLANG_WARN_ENUM_CONVERSION = YES;
				CLANG_WARN_INFINITE_RECURSION = YES;
				CLANG_WARN_INT_CONVERSION = YES;
				CLANG_WARN_NON_LITERAL_NULL_CONVERSION = YES;
				CLANG_WARN_OBJC_IMPLICIT_RETAIN_SELF = YES;
				CLANG_WARN_OBJC_LITERAL_CONVERSION = YES;
				CLANG_WARN_OBJC_ROOT_CLASS = YES_ERROR;
				CLANG_WARN_RANGE_LOOP_ANALYSIS = YES;
				CLANG_WARN_STRICT_PROTOTYPES = YES;
				CLANG_WARN_SUSPICIOUS_MOVE = YES;
				CLANG_WARN_UNGUARDED_AVAILABILITY = YES_AGGRESSIVE;
				CLANG_WARN_UNREACHABLE_CODE = YES;
				CLANG_WARN__DUPLICATE_METHOD_MATCH = YES;
				COPY_PHASE_STRIP = NO;
				DEBUG_INFORMATION_FORMAT = dwarf;
				ENABLE_STRICT_OBJC_MSGSEND = YES;
				ENABLE_TESTABILITY = YES;
				GCC_C_LANGUAGE_STANDARD = gnu11;
				GCC_DYNAMIC_NO_PIC = NO;
				GCC_NO_COMMON_BLOCKS = YES;
				GCC_OPTIMIZATION_LEVEL = 0;
				GCC_PREPROCESSOR_DEFINITIONS = (
					"DEBUG=1",
					"$(inherited)",
				);
				GCC_WARN_64_TO_32_BIT_CONVERSION = YES;
				GCC_WARN_ABOUT_RETURN_TYPE = YES_ERROR;
				GCC_WARN_UNDECLARED_SELECTOR = YES;
				GCC_WARN_UNINITIALIZED_AUTOS = YES_AGGRESSIVE;
				GCC_WARN_UNUSED_FUNCTION = YES;
				GCC_WARN_UNUSED_VARIABLE = YES;
				IPHONEOS_DEPLOYMENT_TARGET = 13.0;
				MTL_ENABLE_DEBUG_INFO = INCLUDE_SOURCE;
				MTL_FAST_MATH = YES;
				ONLY_ACTIVE_ARCH = YES;
				SDKROOT = iphoneos;
				SWIFT_ACTIVE_COMPILATION_CONDITIONS = DEBUG;
				SWIFT_OPTIMIZATION_LEVEL = "-Onone";
			};
			name = Debug;
		};
		C0E2DCD7230A7AE000A4936C /* Release */ = {
			isa = XCBuildConfiguration;
			buildSettings = {
				ALWAYS_SEARCH_USER_PATHS = NO;
				CLANG_ANALYZER_NONNULL = YES;
				CLANG_ANALYZER_NUMBER_OBJECT_CONVERSION = YES_AGGRESSIVE;
				CLANG_CXX_LANGUAGE_STANDARD = "gnu++14";
				CLANG_CXX_LIBRARY = "libc++";
				CLANG_ENABLE_MODULES = YES;
				CLANG_ENABLE_OBJC_ARC = YES;
				CLANG_ENABLE_OBJC_WEAK = YES;
				CLANG_WARN_BLOCK_CAPTURE_AUTORELEASING = YES;
				CLANG_WARN_BOOL_CONVERSION = YES;
				CLANG_WARN_COMMA = YES;
				CLANG_WARN_CONSTANT_CONVERSION = YES;
				CLANG_WARN_DEPRECATED_OBJC_IMPLEMENTATIONS = YES;
				CLANG_WARN_DIRECT_OBJC_ISA_USAGE = YES_ERROR;
				CLANG_WARN_DOCUMENTATION_COMMENTS = YES;
				CLANG_WARN_EMPTY_BODY = YES;
				CLANG_WARN_ENUM_CONVERSION = YES;
				CLANG_WARN_INFINITE_RECURSION = YES;
				CLANG_WARN_INT_CONVERSION = YES;
				CLANG_WARN_NON_LITERAL_NULL_CONVERSION = YES;
				CLANG_WARN_OBJC_IMPLICIT_RETAIN_SELF = YES;
				CLANG_WARN_OBJC_LITERAL_CONVERSION = YES;
				CLANG_WARN_OBJC_ROOT_CLASS = YES_ERROR;
				CLANG_WARN_RANGE_LOOP_ANALYSIS = YES;
				CLANG_WARN_STRICT_PROTOTYPES = YES;
				CLANG_WARN_SUSPICIOUS_MOVE = YES;
				CLANG_WARN_UNGUARDED_AVAILABILITY = YES_AGGRESSIVE;
				CLANG_WARN_UNREACHABLE_CODE = YES;
				CLANG_WARN__DUPLICATE_METHOD_MATCH = YES;
				COPY_PHASE_STRIP = NO;
				DEBUG_INFORMATION_FORMAT = "dwarf-with-dsym";
				ENABLE_NS_ASSERTIONS = NO;
				ENABLE_STRICT_OBJC_MSGSEND = YES;
				GCC_C_LANGUAGE_STANDARD = gnu11;
				GCC_NO_COMMON_BLOCKS = YES;
				GCC_WARN_64_TO_32_BIT_CONVERSION = YES;
				GCC_WARN_ABOUT_RETURN_TYPE = YES_ERROR;
				GCC_WARN_UNDECLARED_SELECTOR = YES;
				GCC_WARN_UNINITIALIZED_AUTOS = YES_AGGRESSIVE;
				GCC_WARN_UNUSED_FUNCTION = YES;
				GCC_WARN_UNUSED_VARIABLE = YES;
				IPHONEOS_DEPLOYMENT_TARGET = 13.0;
				MTL_ENABLE_DEBUG_INFO = NO;
				MTL_FAST_MATH = YES;
				SDKROOT = iphoneos;
				SWIFT_COMPILATION_MODE = wholemodule;
				SWIFT_OPTIMIZATION_LEVEL = "-O";
				VALIDATE_PRODUCT = YES;
			};
			name = Release;
		};
		C0E2DCD9230A7AE000A4936C /* Debug */ = {
			isa = XCBuildConfiguration;
			buildSettings = {
				ASSETCATALOG_COMPILER_APPICON_NAME = AppIcon;
				CODE_SIGN_STYLE = Automatic;
				DEVELOPMENT_ASSET_PATHS = "FirstSwiftUI/Preview\\ Content";
				DEVELOPMENT_TEAM = HC374WERJC;
				ENABLE_PREVIEWS = YES;
				INFOPLIST_FILE = FirstSwiftUI/Info.plist;
				LD_RUNPATH_SEARCH_PATHS = (
					"$(inherited)",
					"@executable_path/Frameworks",
				);
				PRODUCT_BUNDLE_IDENTIFIER = "com.atif.gcucs-gmail.com.FirstSwiftUI";
				PRODUCT_NAME = "$(TARGET_NAME)";
				SWIFT_VERSION = 5.0;
				TARGETED_DEVICE_FAMILY = 1;
			};
			name = Debug;
		};
		C0E2DCDA230A7AE000A4936C /* Release */ = {
			isa = XCBuildConfiguration;
			buildSettings = {
				ASSETCATALOG_COMPILER_APPICON_NAME = AppIcon;
				CODE_SIGN_STYLE = Automatic;
				DEVELOPMENT_ASSET_PATHS = "FirstSwiftUI/Preview\\ Content";
				DEVELOPMENT_TEAM = HC374WERJC;
				ENABLE_PREVIEWS = YES;
				INFOPLIST_FILE = FirstSwiftUI/Info.plist;
				LD_RUNPATH_SEARCH_PATHS = (
					"$(inherited)",
					"@executable_path/Frameworks",
				);
				PRODUCT_BUNDLE_IDENTIFIER = "com.atif.gcucs-gmail.com.FirstSwiftUI";
				PRODUCT_NAME = "$(TARGET_NAME)";
				SWIFT_VERSION = 5.0;
				TARGETED_DEVICE_FAMILY = 1;
			};
			name = Release;
		};
/* End XCBuildConfiguration section */

/* Begin XCConfigurationList section */
		C0E2DCBF230A7ADE00A4936C /* Build configuration list for PBXProject "FirstSwiftUI" */ = {
			isa = XCConfigurationList;
			buildConfigurations = (
				C0E2DCD6230A7AE000A4936C /* Debug */,
				C0E2DCD7230A7AE000A4936C /* Release */,
			);
			defaultConfigurationIsVisible = 0;
			defaultConfigurationName = Release;
		};
		C0E2DCD8230A7AE000A4936C /* Build configuration list for PBXNativeTarget "FirstSwiftUI" */ = {
			isa = XCConfigurationList;
			buildConfigurations = (
				C0E2DCD9230A7AE000A4936C /* Debug */,
				C0E2DCDA230A7AE000A4936C /* Release */,
			);
			defaultConfigurationIsVisible = 0;
			defaultConfigurationName = Release;
		};
/* End XCConfigurationList section */
	};
	rootObject = C0E2DCBC230A7ADE00A4936C /* Project object */;
}
